// !$*UTF8*$!
{
	archiveVersion = 1;
	classes = {
	};
	objectVersion = 56;
	objects = {

/* Begin PBXBuildFile section */
		440A2DF82A4E019300336927 /* AppDelegate.swift in Sources */ = {isa = PBXBuildFile; fileRef = 440A2DF72A4E019300336927 /* AppDelegate.swift */; };
		440A2DFA2A4E019300336927 /* SceneDelegate.swift in Sources */ = {isa = PBXBuildFile; fileRef = 440A2DF92A4E019300336927 /* SceneDelegate.swift */; };
		440A2DFF2A4E019300336927 /* Main.storyboard in Resources */ = {isa = PBXBuildFile; fileRef = 440A2DFD2A4E019300336927 /* Main.storyboard */; };
		440A2E022A4E019300336927 /* MileageTracker.xcdatamodeld in Sources */ = {isa = PBXBuildFile; fileRef = 440A2E002A4E019300336927 /* MileageTracker.xcdatamodeld */; };
		440A2E042A4E019400336927 /* Assets.xcassets in Resources */ = {isa = PBXBuildFile; fileRef = 440A2E032A4E019400336927 /* Assets.xcassets */; };
		440A2E072A4E019400336927 /* LaunchScreen.storyboard in Resources */ = {isa = PBXBuildFile; fileRef = 440A2E052A4E019400336927 /* LaunchScreen.storyboard */; };
		440A2E0F2A4E033000336927 /* TrackerTVC.swift in Sources */ = {isa = PBXBuildFile; fileRef = 440A2E0E2A4E033000336927 /* TrackerTVC.swift */; };
		440A2E112A4E04D300336927 /* TrackerCellVC.swift in Sources */ = {isa = PBXBuildFile; fileRef = 440A2E102A4E04D300336927 /* TrackerCellVC.swift */; };
		440A2E132A4E071900336927 /* UserInputVC.swift in Sources */ = {isa = PBXBuildFile; fileRef = 440A2E122A4E071900336927 /* UserInputVC.swift */; };
		440A2E152A4E089000336927 /* TrackerEntity.swift in Sources */ = {isa = PBXBuildFile; fileRef = 440A2E142A4E089000336927 /* TrackerEntity.swift */; };
		444E1A722A4E2F9A00D0E534 /* TrackerTableCell.swift in Sources */ = {isa = PBXBuildFile; fileRef = 444E1A712A4E2F9A00D0E534 /* TrackerTableCell.swift */; };
/* End PBXBuildFile section */

/* Begin PBXFileReference section */
		440A2DF42A4E019300336927 /* MileageTracker.app */ = {isa = PBXFileReference; explicitFileType = wrapper.application; includeInIndex = 0; path = MileageTracker.app; sourceTree = BUILT_PRODUCTS_DIR; };
		440A2DF72A4E019300336927 /* AppDelegate.swift */ = {isa = PBXFileReference; lastKnownFileType = sourcecode.swift; path = AppDelegate.swift; sourceTree = "<group>"; };
		440A2DF92A4E019300336927 /* SceneDelegate.swift */ = {isa = PBXFileReference; lastKnownFileType = sourcecode.swift; path = SceneDelegate.swift; sourceTree = "<group>"; };
		440A2DFE2A4E019300336927 /* Base */ = {isa = PBXFileReference; lastKnownFileType = file.storyboard; name = Base; path = Base.lproj/Main.storyboard; sourceTree = "<group>"; };
		440A2E012A4E019300336927 /* MileageTracker.xcdatamodel */ = {isa = PBXFileReference; lastKnownFileType = wrapper.xcdatamodel; path = MileageTracker.xcdatamodel; sourceTree = "<group>"; };
		440A2E032A4E019400336927 /* Assets.xcassets */ = {isa = PBXFileReference; lastKnownFileType = folder.assetcatalog; path = Assets.xcassets; sourceTree = "<group>"; };
		440A2E062A4E019400336927 /* Base */ = {isa = PBXFileReference; lastKnownFileType = file.storyboard; name = Base; path = Base.lproj/LaunchScreen.storyboard; sourceTree = "<group>"; };
		440A2E082A4E019400336927 /* Info.plist */ = {isa = PBXFileReference; lastKnownFileType = text.plist.xml; path = Info.plist; sourceTree = "<group>"; };
		440A2E0E2A4E033000336927 /* TrackerTVC.swift */ = {isa = PBXFileReference; lastKnownFileType = sourcecode.swift; path = TrackerTVC.swift; sourceTree = "<group>"; };
		440A2E102A4E04D300336927 /* TrackerCellVC.swift */ = {isa = PBXFileReference; lastKnownFileType = sourcecode.swift; path = TrackerCellVC.swift; sourceTree = "<group>"; };
		440A2E122A4E071900336927 /* UserInputVC.swift */ = {isa = PBXFileReference; lastKnownFileType = sourcecode.swift; path = UserInputVC.swift; sourceTree = "<group>"; };
		440A2E142A4E089000336927 /* TrackerEntity.swift */ = {isa = PBXFileReference; lastKnownFileType = sourcecode.swift; path = TrackerEntity.swift; sourceTree = "<group>"; };
		444E1A712A4E2F9A00D0E534 /* TrackerTableCell.swift */ = {isa = PBXFileReference; lastKnownFileType = sourcecode.swift; path = TrackerTableCell.swift; sourceTree = "<group>"; };
/* End PBXFileReference section */

/* Begin PBXFrameworksBuildPhase section */
		440A2DF12A4E019300336927 /* Frameworks */ = {
			isa = PBXFrameworksBuildPhase;
			buildActionMask = 2147483647;
			files = (
			);
			runOnlyForDeploymentPostprocessing = 0;
		};
/* End PBXFrameworksBuildPhase section */

/* Begin PBXGroup section */
		440A2DEB2A4E019300336927 = {
			isa = PBXGroup;
			children = (
				440A2DF62A4E019300336927 /* MileageTracker */,
				440A2DF52A4E019300336927 /* Products */,
			);
			sourceTree = "<group>";
		};
		440A2DF52A4E019300336927 /* Products */ = {
			isa = PBXGroup;
			children = (
				440A2DF42A4E019300336927 /* MileageTracker.app */,
			);
			name = Products;
			sourceTree = "<group>";
		};
		440A2DF62A4E019300336927 /* MileageTracker */ = {
			isa = PBXGroup;
			children = (
				440A2DF72A4E019300336927 /* AppDelegate.swift */,
				440A2DF92A4E019300336927 /* SceneDelegate.swift */,
				440A2DFD2A4E019300336927 /* Main.storyboard */,
				444E1A712A4E2F9A00D0E534 /* TrackerTableCell.swift */,
				440A2E122A4E071900336927 /* UserInputVC.swift */,
				440A2E102A4E04D300336927 /* TrackerCellVC.swift */,
				440A2E0E2A4E033000336927 /* TrackerTVC.swift */,
				440A2E142A4E089000336927 /* TrackerEntity.swift */,
				440A2E032A4E019400336927 /* Assets.xcassets */,
				440A2E052A4E019400336927 /* LaunchScreen.storyboard */,
				440A2E082A4E019400336927 /* Info.plist */,
				440A2E002A4E019300336927 /* MileageTracker.xcdatamodeld */,
			);
			path = MileageTracker;
			sourceTree = "<group>";
		};
/* End PBXGroup section */

/* Begin PBXNativeTarget section */
		440A2DF32A4E019300336927 /* MileageTracker */ = {
			isa = PBXNativeTarget;
			buildConfigurationList = 440A2E0B2A4E019400336927 /* Build configuration list for PBXNativeTarget "MileageTracker" */;
			buildPhases = (
				440A2DF02A4E019300336927 /* Sources */,
				440A2DF12A4E019300336927 /* Frameworks */,
				440A2DF22A4E019300336927 /* Resources */,
			);
			buildRules = (
			);
			dependencies = (
			);
			name = MileageTracker;
			productName = MileageTracker;
			productReference = 440A2DF42A4E019300336927 /* MileageTracker.app */;
			productType = "com.apple.product-type.application";
		};
/* End PBXNativeTarget section */

/* Begin PBXProject section */
		440A2DEC2A4E019300336927 /* Project object */ = {
			isa = PBXProject;
			attributes = {
				BuildIndependentTargetsInParallel = 1;
				LastSwiftUpdateCheck = 1430;
				LastUpgradeCheck = 1430;
				TargetAttributes = {
					440A2DF32A4E019300336927 = {
						CreatedOnToolsVersion = 14.3;
					};
				};
			};
			buildConfigurationList = 440A2DEF2A4E019300336927 /* Build configuration list for PBXProject "MileageTracker" */;
			compatibilityVersion = "Xcode 14.0";
			developmentRegion = en;
			hasScannedForEncodings = 0;
			knownRegions = (
				en,
				Base,
			);
			mainGroup = 440A2DEB2A4E019300336927;
			productRefGroup = 440A2DF52A4E019300336927 /* Products */;
			projectDirPath = "";
			projectRoot = "";
			targets = (
				440A2DF32A4E019300336927 /* MileageTracker */,
			);
		};
/* End PBXProject section */

/* Begin PBXResourcesBuildPhase section */
		440A2DF22A4E019300336927 /* Resources */ = {
			isa = PBXResourcesBuildPhase;
			buildActionMask = 2147483647;
			files = (
				440A2E072A4E019400336927 /* LaunchScreen.storyboard in Resources */,
				440A2E042A4E019400336927 /* Assets.xcassets in Resources */,
				440A2DFF2A4E019300336927 /* Main.storyboard in Resources */,
			);
			runOnlyForDeploymentPostprocessing = 0;
		};
/* End PBXResourcesBuildPhase section */

/* Begin PBXSourcesBuildPhase section */
		440A2DF02A4E019300336927 /* Sources */ = {
			isa = PBXSourcesBuildPhase;
			buildActionMask = 2147483647;
			files = (
				440A2DF82A4E019300336927 /* AppDelegate.swift in Sources */,
				440A2DFA2A4E019300336927 /* SceneDelegate.swift in Sources */,
				440A2E112A4E04D300336927 /* TrackerCellVC.swift in Sources */,
				440A2E022A4E019300336927 /* MileageTracker.xcdatamodeld in Sources */,
				440A2E132A4E071900336927 /* UserInputVC.swift in Sources */,
				444E1A722A4E2F9A00D0E534 /* TrackerTableCell.swift in Sources */,
				440A2E0F2A4E033000336927 /* TrackerTVC.swift in Sources */,
				440A2E152A4E089000336927 /* TrackerEntity.swift in Sources */,
			);
			runOnlyForDeploymentPostprocessing = 0;
		};
/* End PBXSourcesBuildPhase section */

/* Begin PBXVariantGroup section */
		440A2DFD2A4E019300336927 /* Main.storyboard */ = {
			isa = PBXVariantGroup;
			children = (
				440A2DFE2A4E019300336927 /* Base */,
			);
			name = Main.storyboard;
			sourceTree = "<group>";
		};
		440A2E052A4E019400336927 /* LaunchScreen.storyboard */ = {
			isa = PBXVariantGroup;
			children = (
				440A2E062A4E019400336927 /* Base */,
			);
			name = LaunchScreen.storyboard;
			sourceTree = "<group>";
		};
/* End PBXVariantGroup section */

/* Begin XCBuildConfiguration section */
		440A2E092A4E019400336927 /* Debug */ = {
			isa = XCBuildConfiguration;
			buildSettings = {
				ALWAYS_SEARCH_USER_PATHS = NO;
				CLANG_ANALYZER_NONNULL = YES;
				CLANG_ANALYZER_NUMBER_OBJECT_CONVERSION = YES_AGGRESSIVE;
				CLANG_CXX_LANGUAGE_STANDARD = "gnu++20";
				CLANG_ENABLE_MODULES = YES;
				CLANG_ENABLE_OBJC_ARC = YES;
				CLANG_ENABLE_OBJC_WEAK = YES;
				CLANG_WARN_BLOCK_CAPTURE_AUTORELEASING = YES;
				CLANG_WARN_BOOL_CONVERSION = YES;
				CLANG_WARN_COMMA = YES;
				CLANG_WARN_CONSTANT_CONVERSION = YES;
				CLANG_WARN_DEPRECATED_OBJC_IMPLEMENTATIONS = YES;
				CLANG_WARN_DIRECT_OBJC_ISA_USAGE = YES_ERROR;
				CLANG_WARN_DOCUMENTATION_COMMENTS = YES;
				CLANG_WARN_EMPTY_BODY = YES;
				CLANG_WARN_ENUM_CONVERSION = YES;
				CLANG_WARN_INFINITE_RECURSION = YES;
				CLANG_WARN_INT_CONVERSION = YES;
				CLANG_WARN_NON_LITERAL_NULL_CONVERSION = YES;
				CLANG_WARN_OBJC_IMPLICIT_RETAIN_SELF = YES;
				CLANG_WARN_OBJC_LITERAL_CONVERSION = YES;
				CLANG_WARN_OBJC_ROOT_CLASS = YES_ERROR;
				CLANG_WARN_QUOTED_INCLUDE_IN_FRAMEWORK_HEADER = YES;
				CLANG_WARN_RANGE_LOOP_ANALYSIS = YES;
				CLANG_WARN_STRICT_PROTOTYPES = YES;
				CLANG_WARN_SUSPICIOUS_MOVE = YES;
				CLANG_WARN_UNGUARDED_AVAILABILITY = YES_AGGRESSIVE;
				CLANG_WARN_UNREACHABLE_CODE = YES;
				CLANG_WARN__DUPLICATE_METHOD_MATCH = YES;
				COPY_PHASE_STRIP = NO;
				DEBUG_INFORMATION_FORMAT = dwarf;
				ENABLE_STRICT_OBJC_MSGSEND = YES;
				ENABLE_TESTABILITY = YES;
				GCC_C_LANGUAGE_STANDARD = gnu11;
				GCC_DYNAMIC_NO_PIC = NO;
				GCC_NO_COMMON_BLOCKS = YES;
				GCC_OPTIMIZATION_LEVEL = 0;
				GCC_PREPROCESSOR_DEFINITIONS = (
					"DEBUG=1",
					"$(inherited)",
				);
				GCC_WARN_64_TO_32_BIT_CONVERSION = YES;
				GCC_WARN_ABOUT_RETURN_TYPE = YES_ERROR;
				GCC_WARN_UNDECLARED_SELECTOR = YES;
				GCC_WARN_UNINITIALIZED_AUTOS = YES_AGGRESSIVE;
				GCC_WARN_UNUSED_FUNCTION = YES;
				GCC_WARN_UNUSED_VARIABLE = YES;
				IPHONEOS_DEPLOYMENT_TARGET = 16.4;
				MTL_ENABLE_DEBUG_INFO = INCLUDE_SOURCE;
				MTL_FAST_MATH = YES;
				ONLY_ACTIVE_ARCH = YES;
				SDKROOT = iphoneos;
				SWIFT_ACTIVE_COMPILATION_CONDITIONS = DEBUG;
				SWIFT_OPTIMIZATION_LEVEL = "-Onone";
			};
			name = Debug;
		};
		440A2E0A2A4E019400336927 /* Release */ = {
			isa = XCBuildConfiguration;
			buildSettings = {
				ALWAYS_SEARCH_USER_PATHS = NO;
				CLANG_ANALYZER_NONNULL = YES;
				CLANG_ANALYZER_NUMBER_OBJECT_CONVERSION = YES_AGGRESSIVE;
				CLANG_CXX_LANGUAGE_STANDARD = "gnu++20";
				CLANG_ENABLE_MODULES = YES;
				CLANG_ENABLE_OBJC_ARC = YES;
				CLANG_ENABLE_OBJC_WEAK = YES;
				CLANG_WARN_BLOCK_CAPTURE_AUTORELEASING = YES;
				CLANG_WARN_BOOL_CONVERSION = YES;
				CLANG_WARN_COMMA = YES;
				CLANG_WARN_CONSTANT_CONVERSION = YES;
				CLANG_WARN_DEPRECATED_OBJC_IMPLEMENTATIONS = YES;
				CLANG_WARN_DIRECT_OBJC_ISA_USAGE = YES_ERROR;
				CLANG_WARN_DOCUMENTATION_COMMENTS = YES;
				CLANG_WARN_EMPTY_BODY = YES;
				CLANG_WARN_ENUM_CONVERSION = YES;
				CLANG_WARN_INFINITE_RECURSION = YES;
				CLANG_WARN_INT_CONVERSION = YES;
				CLANG_WARN_NON_LITERAL_NULL_CONVERSION = YES;
				CLANG_WARN_OBJC_IMPLICIT_RETAIN_SELF = YES;
				CLANG_WARN_OBJC_LITERAL_CONVERSION = YES;
				CLANG_WARN_OBJC_ROOT_CLASS = YES_ERROR;
				CLANG_WARN_QUOTED_INCLUDE_IN_FRAMEWORK_HEADER = YES;
				CLANG_WARN_RANGE_LOOP_ANALYSIS = YES;
				CLANG_WARN_STRICT_PROTOTYPES = YES;
				CLANG_WARN_SUSPICIOUS_MOVE = YES;
				CLANG_WARN_UNGUARDED_AVAILABILITY = YES_AGGRESSIVE;
				CLANG_WARN_UNREACHABLE_CODE = YES;
				CLANG_WARN__DUPLICATE_METHOD_MATCH = YES;
				COPY_PHASE_STRIP = NO;
				DEBUG_INFORMATION_FORMAT = "dwarf-with-dsym";
				ENABLE_NS_ASSERTIONS = NO;
				ENABLE_STRICT_OBJC_MSGSEND = YES;
				GCC_C_LANGUAGE_STANDARD = gnu11;
				GCC_NO_COMMON_BLOCKS = YES;
				GCC_WARN_64_TO_32_BIT_CONVERSION = YES;
				GCC_WARN_ABOUT_RETURN_TYPE = YES_ERROR;
				GCC_WARN_UNDECLARED_SELECTOR = YES;
				GCC_WARN_UNINITIALIZED_AUTOS = YES_AGGRESSIVE;
				GCC_WARN_UNUSED_FUNCTION = YES;
				GCC_WARN_UNUSED_VARIABLE = YES;
				IPHONEOS_DEPLOYMENT_TARGET = 16.4;
				MTL_ENABLE_DEBUG_INFO = NO;
				MTL_FAST_MATH = YES;
				SDKROOT = iphoneos;
				SWIFT_COMPILATION_MODE = wholemodule;
				SWIFT_OPTIMIZATION_LEVEL = "-O";
				VALIDATE_PRODUCT = YES;
			};
			name = Release;
		};
		440A2E0C2A4E019400336927 /* Debug */ = {
			isa = XCBuildConfiguration;
			buildSettings = {
				ASSETCATALOG_COMPILER_APPICON_NAME = AppIcon;
				ASSETCATALOG_COMPILER_GLOBAL_ACCENT_COLOR_NAME = AccentColor;
				CODE_SIGN_STYLE = Automatic;
				CURRENT_PROJECT_VERSION = 1;
				GENERATE_INFOPLIST_FILE = YES;
				INFOPLIST_FILE = MileageTracker/Info.plist;
				INFOPLIST_KEY_UIApplicationSupportsIndirectInputEvents = YES;
				INFOPLIST_KEY_UILaunchStoryboardName = LaunchScreen;
				INFOPLIST_KEY_UIMainStoryboardFile = Main;
				INFOPLIST_KEY_UISupportedInterfaceOrientations_iPad = "UIInterfaceOrientationPortrait UIInterfaceOrientationPortraitUpsideDown UIInterfaceOrientationLandscapeLeft UIInterfaceOrientationLandscapeRight";
				INFOPLIST_KEY_UISupportedInterfaceOrientations_iPhone = "UIInterfaceOrientationPortrait UIInterfaceOrientationLandscapeLeft UIInterfaceOrientationLandscapeRight";
				LD_RUNPATH_SEARCH_PATHS = (
					"$(inherited)",
					"@executable_path/Frameworks",
				);
				MARKETING_VERSION = 1.0;
				PRODUCT_BUNDLE_IDENTIFIER = edu.deanza.mgoel.MileageTracker;
				PRODUCT_NAME = "$(TARGET_NAME)";
				SWIFT_EMIT_LOC_STRINGS = YES;
				SWIFT_VERSION = 5.0;
				TARGETED_DEVICE_FAMILY = "1,2";
			};
			name = Debug;
		};
		440A2E0D2A4E019400336927 /* Release */ = {
			isa = XCBuildConfiguration;
			buildSettings = {
				ASSETCATALOG_COMPILER_APPICON_NAME = AppIcon;
				ASSETCATALOG_COMPILER_GLOBAL_ACCENT_COLOR_NAME = AccentColor;
				CODE_SIGN_STYLE = Automatic;
				CURRENT_PROJECT_VERSION = 1;
				GENERATE_INFOPLIST_FILE = YES;
				INFOPLIST_FILE = MileageTracker/Info.plist;
				INFOPLIST_KEY_UIApplicationSupportsIndirectInputEvents = YES;
				INFOPLIST_KEY_UILaunchStoryboardName = LaunchScreen;
				INFOPLIST_KEY_UIMainStoryboardFile = Main;
				INFOPLIST_KEY_UISupportedInterfaceOrientations_iPad = "UIInterfaceOrientationPortrait UIInterfaceOrientationPortraitUpsideDown UIInterfaceOrientationLandscapeLeft UIInterfaceOrientationLandscapeRight";
				INFOPLIST_KEY_UISupportedInterfaceOrientations_iPhone = "UIInterfaceOrientationPortrait UIInterfaceOrientationLandscapeLeft UIInterfaceOrientationLandscapeRight";
				LD_RUNPATH_SEARCH_PATHS = (
					"$(inherited)",
					"@executable_path/Frameworks",
				);
				MARKETING_VERSION = 1.0;
				PRODUCT_BUNDLE_IDENTIFIER = edu.deanza.mgoel.MileageTracker;
				PRODUCT_NAME = "$(TARGET_NAME)";
				SWIFT_EMIT_LOC_STRINGS = YES;
				SWIFT_VERSION = 5.0;
				TARGETED_DEVICE_FAMILY = "1,2";
			};
			name = Release;
		};
/* End XCBuildConfiguration section */

/* Begin XCConfigurationList section */
		440A2DEF2A4E019300336927 /* Build configuration list for PBXProject "MileageTracker" */ = {
			isa = XCConfigurationList;
			buildConfigurations = (
				440A2E092A4E019400336927 /* Debug */,
				440A2E0A2A4E019400336927 /* Release */,
			);
			defaultConfigurationIsVisible = 0;
			defaultConfigurationName = Release;
		};
		440A2E0B2A4E019400336927 /* Build configuration list for PBXNativeTarget "MileageTracker" */ = {
			isa = XCConfigurationList;
			buildConfigurations = (
				440A2E0C2A4E019400336927 /* Debug */,
				440A2E0D2A4E019400336927 /* Release */,
			);
			defaultConfigurationIsVisible = 0;
			defaultConfigurationName = Release;
		};
/* End XCConfigurationList section */

/* Begin XCVersionGroup section */
		440A2E002A4E019300336927 /* MileageTracker.xcdatamodeld */ = {
			isa = XCVersionGroup;
			children = (
				440A2E012A4E019300336927 /* MileageTracker.xcdatamodel */,
			);
			currentVersion = 440A2E012A4E019300336927 /* MileageTracker.xcdatamodel */;
			path = MileageTracker.xcdatamodeld;
			sourceTree = "<group>";
			versionGroupType = wrapper.xcdatamodel;
		};
/* End XCVersionGroup section */
	};
	rootObject = 440A2DEC2A4E019300336927 /* Project object */;
}
